
Microsoft Visual Studio Solution File, Format Version 12.00
# Visual Studio Version 17
VisualStudioVersion = 17.14.36202.13
MinimumVisualStudioVersion = 10.0.40219.1
Project("{9A19103F-16F7-4668-BE54-9A1E7A4F7556}") = "Lab1_TaskScheduler", "Lab1_TaskScheduler\Lab1_TaskScheduler.csproj", "{7DEC88A7-946B-42F2-B682-5DD4FD8CE9EC}"
EndProject
Project("{9A19103F-16F7-4668-BE54-9A1E7A4F7556}") = "WpfTaskScheduler", "WpfTaskScheduler\WpfTaskScheduler.csproj", "{30BB234E-FD44-4CA3-9F62-270D9BD391E6}"
EndProject
Project("{9A19103F-16F7-4668-BE54-9A1E7A4F7556}") = "Lab1_TaskScheduler.Tests", "..\tests\Lab1_TaskScheduler.Tests.csproj", "{0D5FE45A-ECDD-4B3F-BB2B-4CEE47F56FE1}"
EndProject
Global
	GlobalSection(SolutionConfigurationPlatforms) = preSolution
		Debug|Any CPU = Debug|Any CPU
		Release|Any CPU = Release|Any CPU
	EndGlobalSection
	GlobalSection(ProjectConfigurationPlatforms) = postSolution
		{7DEC88A7-946B-42F2-B682-5DD4FD8CE9EC}.Debug|Any CPU.ActiveCfg = Debug|Any CPU
		{7DEC88A7-946B-42F2-B682-5DD4FD8CE9EC}.Debug|Any CPU.Build.0 = Debug|Any CPU
		{7DEC88A7-946B-42F2-B682-5DD4FD8CE9EC}.Release|Any CPU.ActiveCfg = Release|Any CPU
		{7DEC88A7-946B-42F2-B682-5DD4FD8CE9EC}.Release|Any CPU.Build.0 = Release|Any CPU
		{30BB234E-FD44-4CA3-9F62-270D9BD391E6}.Debug|Any CPU.ActiveCfg = Debug|Any CPU
		{30BB234E-FD44-4CA3-9F62-270D9BD391E6}.Debug|Any CPU.Build.0 = Debug|Any CPU
		{30BB234E-FD44-4CA3-9F62-270D9BD391E6}.Release|Any CPU.ActiveCfg = Release|Any CPU
		{30BB234E-FD44-4CA3-9F62-270D9BD391E6}.Release|Any CPU.Build.0 = Release|Any CPU
		{0D5FE45A-ECDD-4B3F-BB2B-4CEE47F56FE1}.Debug|Any CPU.ActiveCfg = Debug|Any CPU
		{0D5FE45A-ECDD-4B3F-BB2B-4CEE47F56FE1}.Debug|Any CPU.Build.0 = Debug|Any CPU
		{0D5FE45A-ECDD-4B3F-BB2B-4CEE47F56FE1}.Release|Any CPU.ActiveCfg = Release|Any CPU
		{0D5FE45A-ECDD-4B3F-BB2B-4CEE47F56FE1}.Release|Any CPU.Build.0 = Release|Any CPU
	EndGlobalSection
	GlobalSection(SolutionProperties) = preSolution
		HideSolutionNode = FALSE
	EndGlobalSection
	GlobalSection(ExtensibilityGlobals) = postSolution
		SolutionGuid = {5B483021-D694-4349-A4F5-C8D447A02F9E}
	EndGlobalSection
EndGlobal
